
Microsoft Visual Studio Solution File, Format Version 12.00
# Visual Studio Version 16
VisualStudioVersion = 16.0.31424.327
MinimumVisualStudioVersion = 10.0.40219.1
Project("{FAE04EC0-301F-11D3-BF4B-00C04F79EFBC}") = "RevitAddin.JsonExample", "RevitAddin.JsonExample\RevitAddin.JsonExample.csproj", "{7232F9D5-EEEA-4E92-8EBC-BC7B38139666}"
EndProject
Global
	GlobalSection(SolutionConfigurationPlatforms) = preSolution
		2017|Any CPU = 2017|Any CPU
		2018|Any CPU = 2018|Any CPU
		2019|Any CPU = 2019|Any CPU
		2020|Any CPU = 2020|Any CPU
		2021|Any CPU = 2021|Any CPU
		2022|Any CPU = 2022|Any CPU
		Debug 2017|Any CPU = Debug 2017|Any CPU
		Debug 2018|Any CPU = Debug 2018|Any CPU
		Debug 2019|Any CPU = Debug 2019|Any CPU
		Debug 2020|Any CPU = Debug 2020|Any CPU
		Debug 2021|Any CPU = Debug 2021|Any CPU
		Debug 2022|Any CPU = Debug 2022|Any CPU
	EndGlobalSection
	GlobalSection(ProjectConfigurationPlatforms) = postSolution
		{7232F9D5-EEEA-4E92-8EBC-BC7B38139666}.2017|Any CPU.ActiveCfg = 2017|Any CPU
		{7232F9D5-EEEA-4E92-8EBC-BC7B38139666}.2017|Any CPU.Build.0 = 2017|Any CPU
		{7232F9D5-EEEA-4E92-8EBC-BC7B38139666}.2018|Any CPU.ActiveCfg = 2018|Any CPU
		{7232F9D5-EEEA-4E92-8EBC-BC7B38139666}.2018|Any CPU.Build.0 = 2018|Any CPU
		{7232F9D5-EEEA-4E92-8EBC-BC7B38139666}.2019|Any CPU.ActiveCfg = 2019|Any CPU
		{7232F9D5-EEEA-4E92-8EBC-BC7B38139666}.2019|Any CPU.Build.0 = 2019|Any CPU
		{7232F9D5-EEEA-4E92-8EBC-BC7B38139666}.2020|Any CPU.ActiveCfg = 2020|Any CPU
		{7232F9D5-EEEA-4E92-8EBC-BC7B38139666}.2020|Any CPU.Build.0 = 2020|Any CPU
		{7232F9D5-EEEA-4E92-8EBC-BC7B38139666}.2021|Any CPU.ActiveCfg = 2021|Any CPU
		{7232F9D5-EEEA-4E92-8EBC-BC7B38139666}.2021|Any CPU.Build.0 = 2021|Any CPU
		{7232F9D5-EEEA-4E92-8EBC-BC7B38139666}.2022|Any CPU.ActiveCfg = 2022|Any CPU
		{7232F9D5-EEEA-4E92-8EBC-BC7B38139666}.2022|Any CPU.Build.0 = 2022|Any CPU
		{7232F9D5-EEEA-4E92-8EBC-BC7B38139666}.Debug 2017|Any CPU.ActiveCfg = Debug 2017|Any CPU
		{7232F9D5-EEEA-4E92-8EBC-BC7B38139666}.Debug 2017|Any CPU.Build.0 = Debug 2017|Any CPU
		{7232F9D5-EEEA-4E92-8EBC-BC7B38139666}.Debug 2018|Any CPU.ActiveCfg = Debug 2018|Any CPU
		{7232F9D5-EEEA-4E92-8EBC-BC7B38139666}.Debug 2018|Any CPU.Build.0 = Debug 2018|Any CPU
		{7232F9D5-EEEA-4E92-8EBC-BC7B38139666}.Debug 2019|Any CPU.ActiveCfg = Debug 2019|Any CPU
		{7232F9D5-EEEA-4E92-8EBC-BC7B38139666}.Debug 2019|Any CPU.Build.0 = Debug 2019|Any CPU
		{7232F9D5-EEEA-4E92-8EBC-BC7B38139666}.Debug 2020|Any CPU.ActiveCfg = Debug 2020|Any CPU
		{7232F9D5-EEEA-4E92-8EBC-BC7B38139666}.Debug 2020|Any CPU.Build.0 = Debug 2020|Any CPU
		{7232F9D5-EEEA-4E92-8EBC-BC7B38139666}.Debug 2021|Any CPU.ActiveCfg = Debug 2021|Any CPU
		{7232F9D5-EEEA-4E92-8EBC-BC7B38139666}.Debug 2021|Any CPU.Build.0 = Debug 2021|Any CPU
		{7232F9D5-EEEA-4E92-8EBC-BC7B38139666}.Debug 2022|Any CPU.ActiveCfg = Debug 2022|Any CPU
		{7232F9D5-EEEA-4E92-8EBC-BC7B38139666}.Debug 2022|Any CPU.Build.0 = Debug 2022|Any CPU
	EndGlobalSection
	GlobalSection(SolutionProperties) = preSolution
		HideSolutionNode = FALSE
	EndGlobalSection
	GlobalSection(ExtensibilityGlobals) = postSolution
		SolutionGuid = {6F5F8FE7-219D-42F9-9B48-B6E2ED3C7B5E}
	EndGlobalSection
EndGlobal
